
Microsoft Visual Studio Solution File, Format Version 12.00
# Visual Studio Version 17
VisualStudioVersion = 17.3.32825.248
MinimumVisualStudioVersion = 10.0.40219.1
Project("{9A19103F-16F7-4668-BE54-9A1E7A4F7556}") = "ProyectoCafeteria", "ProyectoCafeteria\ProyectoCafeteria.csproj", "{ECC353FB-4979-4D37-AFD0-EB5709E592C5}"
EndProject
Project("{9A19103F-16F7-4668-BE54-9A1E7A4F7556}") = "CafeteriaServidor", "CafeteriaServidor\CafeteriaServidor.csproj", "{E9E89706-CEBC-4131-9E26-9FCFF3EFFAB1}"
EndProject
Project("{FAE04EC0-301F-11D3-BF4B-00C04F79EFBC}") = "ClienteCafeteria.Android", "ClienteCafeteria\ClienteCafeteria.Android\ClienteCafeteria.Android.csproj", "{C78B421B-96F3-498F-B429-C7513D415511}"
EndProject
Global
	GlobalSection(SolutionConfigurationPlatforms) = preSolution
		Debug|Any CPU = Debug|Any CPU
		Debug|iPhone = Debug|iPhone
		Debug|iPhoneSimulator = Debug|iPhoneSimulator
		Release|Any CPU = Release|Any CPU
		Release|iPhone = Release|iPhone
		Release|iPhoneSimulator = Release|iPhoneSimulator
	EndGlobalSection
	GlobalSection(ProjectConfigurationPlatforms) = postSolution
		{ECC353FB-4979-4D37-AFD0-EB5709E592C5}.Debug|Any CPU.ActiveCfg = Debug|Any CPU
		{ECC353FB-4979-4D37-AFD0-EB5709E592C5}.Debug|Any CPU.Build.0 = Debug|Any CPU
		{ECC353FB-4979-4D37-AFD0-EB5709E592C5}.Debug|iPhone.ActiveCfg = Debug|Any CPU
		{ECC353FB-4979-4D37-AFD0-EB5709E592C5}.Debug|iPhone.Build.0 = Debug|Any CPU
		{ECC353FB-4979-4D37-AFD0-EB5709E592C5}.Debug|iPhoneSimulator.ActiveCfg = Debug|Any CPU
		{ECC353FB-4979-4D37-AFD0-EB5709E592C5}.Debug|iPhoneSimulator.Build.0 = Debug|Any CPU
		{ECC353FB-4979-4D37-AFD0-EB5709E592C5}.Release|Any CPU.ActiveCfg = Release|Any CPU
		{ECC353FB-4979-4D37-AFD0-EB5709E592C5}.Release|Any CPU.Build.0 = Release|Any CPU
		{ECC353FB-4979-4D37-AFD0-EB5709E592C5}.Release|iPhone.ActiveCfg = Release|Any CPU
		{ECC353FB-4979-4D37-AFD0-EB5709E592C5}.Release|iPhone.Build.0 = Release|Any CPU
		{ECC353FB-4979-4D37-AFD0-EB5709E592C5}.Release|iPhoneSimulator.ActiveCfg = Release|Any CPU
		{ECC353FB-4979-4D37-AFD0-EB5709E592C5}.Release|iPhoneSimulator.Build.0 = Release|Any CPU
		{E9E89706-CEBC-4131-9E26-9FCFF3EFFAB1}.Debug|Any CPU.ActiveCfg = Debug|Any CPU
		{E9E89706-CEBC-4131-9E26-9FCFF3EFFAB1}.Debug|Any CPU.Build.0 = Debug|Any CPU
		{E9E89706-CEBC-4131-9E26-9FCFF3EFFAB1}.Debug|iPhone.ActiveCfg = Debug|Any CPU
		{E9E89706-CEBC-4131-9E26-9FCFF3EFFAB1}.Debug|iPhone.Build.0 = Debug|Any CPU
		{E9E89706-CEBC-4131-9E26-9FCFF3EFFAB1}.Debug|iPhoneSimulator.ActiveCfg = Debug|Any CPU
		{E9E89706-CEBC-4131-9E26-9FCFF3EFFAB1}.Debug|iPhoneSimulator.Build.0 = Debug|Any CPU
		{E9E89706-CEBC-4131-9E26-9FCFF3EFFAB1}.Release|Any CPU.ActiveCfg = Release|Any CPU
		{E9E89706-CEBC-4131-9E26-9FCFF3EFFAB1}.Release|Any CPU.Build.0 = Release|Any CPU
		{E9E89706-CEBC-4131-9E26-9FCFF3EFFAB1}.Release|iPhone.ActiveCfg = Release|Any CPU
		{E9E89706-CEBC-4131-9E26-9FCFF3EFFAB1}.Release|iPhone.Build.0 = Release|Any CPU
		{E9E89706-CEBC-4131-9E26-9FCFF3EFFAB1}.Release|iPhoneSimulator.ActiveCfg = Release|Any CPU
		{E9E89706-CEBC-4131-9E26-9FCFF3EFFAB1}.Release|iPhoneSimulator.Build.0 = Release|Any CPU
		{C78B421B-96F3-498F-B429-C7513D415511}.Debug|Any CPU.ActiveCfg = Debug|Any CPU
		{C78B421B-96F3-498F-B429-C7513D415511}.Debug|Any CPU.Build.0 = Debug|Any CPU
		{C78B421B-96F3-498F-B429-C7513D415511}.Debug|Any CPU.Deploy.0 = Debug|Any CPU
		{C78B421B-96F3-498F-B429-C7513D415511}.Debug|iPhone.ActiveCfg = Debug|Any CPU
		{C78B421B-96F3-498F-B429-C7513D415511}.Debug|iPhone.Build.0 = Debug|Any CPU
		{C78B421B-96F3-498F-B429-C7513D415511}.Debug|iPhone.Deploy.0 = Debug|Any CPU
		{C78B421B-96F3-498F-B429-C7513D415511}.Debug|iPhoneSimulator.ActiveCfg = Debug|Any CPU
		{C78B421B-96F3-498F-B429-C7513D415511}.Debug|iPhoneSimulator.Build.0 = Debug|Any CPU
		{C78B421B-96F3-498F-B429-C7513D415511}.Debug|iPhoneSimulator.Deploy.0 = Debug|Any CPU
		{C78B421B-96F3-498F-B429-C7513D415511}.Release|Any CPU.ActiveCfg = Release|Any CPU
		{C78B421B-96F3-498F-B429-C7513D415511}.Release|Any CPU.Build.0 = Release|Any CPU
		{C78B421B-96F3-498F-B429-C7513D415511}.Release|Any CPU.Deploy.0 = Release|Any CPU
		{C78B421B-96F3-498F-B429-C7513D415511}.Release|iPhone.ActiveCfg = Release|Any CPU
		{C78B421B-96F3-498F-B429-C7513D415511}.Release|iPhone.Build.0 = Release|Any CPU
		{C78B421B-96F3-498F-B429-C7513D415511}.Release|iPhone.Deploy.0 = Release|Any CPU
		{C78B421B-96F3-498F-B429-C7513D415511}.Release|iPhoneSimulator.ActiveCfg = Release|Any CPU
		{C78B421B-96F3-498F-B429-C7513D415511}.Release|iPhoneSimulator.Build.0 = Release|Any CPU
		{C78B421B-96F3-498F-B429-C7513D415511}.Release|iPhoneSimulator.Deploy.0 = Release|Any CPU
	EndGlobalSection
	GlobalSection(SolutionProperties) = preSolution
		HideSolutionNode = FALSE
	EndGlobalSection
	GlobalSection(ExtensibilityGlobals) = postSolution
		SolutionGuid = {B2911817-E044-45B9-9338-295BC1AAF860}
	EndGlobalSection
EndGlobal
